
Microsoft Visual Studio Solution File, Format Version 12.00
# Visual Studio Version 17
VisualStudioVersion = 17.5.002.0
MinimumVisualStudioVersion = 10.0.40219.1
Project("{9A19103F-16F7-4668-BE54-9A1E7A4F7556}") = "api-terrawind", "api-terrawind.csproj", "{0836F014-30CB-4B75-AFEC-47933067C044}"
EndProject
Global
	GlobalSection(SolutionConfigurationPlatforms) = preSolution
		Debug|Any CPU = Debug|Any CPU
		Release|Any CPU = Release|Any CPU
	EndGlobalSection
	GlobalSection(ProjectConfigurationPlatforms) = postSolution
		{0836F014-30CB-4B75-AFEC-47933067C044}.Debug|Any CPU.ActiveCfg = Debug|Any CPU
		{0836F014-30CB-4B75-AFEC-47933067C044}.Debug|Any CPU.Build.0 = Debug|Any CPU
		{0836F014-30CB-4B75-AFEC-47933067C044}.Release|Any CPU.ActiveCfg = Release|Any CPU
		{0836F014-30CB-4B75-AFEC-47933067C044}.Release|Any CPU.Build.0 = Release|Any CPU
	EndGlobalSection
	GlobalSection(SolutionProperties) = preSolution
		HideSolutionNode = FALSE
	EndGlobalSection
	GlobalSection(ExtensibilityGlobals) = postSolution
		SolutionGuid = {652E6B2B-5805-4691-A950-54591419C2EC}
	EndGlobalSection
EndGlobal
